
Microsoft Visual Studio Solution File, Format Version 12.00
# Visual Studio 14
VisualStudioVersion = 14.0.25420.1
MinimumVisualStudioVersion = 10.0.40219.1
Project("{FAE04EC0-301F-11D3-BF4B-00C04F79EFBC}") = "WineMap.Specification", "WineMap.Specification\WineMap.Specification.csproj", "{6CD79E0F-6AC8-46C5-A544-28B2A83929BC}"
EndProject
Project("{FAE04EC0-301F-11D3-BF4B-00C04F79EFBC}") = "WineMap.DB", "WineMap.DB\WineMap.DB.csproj", "{D7D26064-EB57-445C-A7AE-A4C4F8FE1800}"
EndProject
Project("{FAE04EC0-301F-11D3-BF4B-00C04F79EFBC}") = "WineMap.WebApp", "WineMap.WebApp\WineMap.WebApp.csproj", "{42D447DE-47DB-4FE6-A880-0AE1795C85A0}"
EndProject
Global
	GlobalSection(SolutionConfigurationPlatforms) = preSolution
		Debug|Any CPU = Debug|Any CPU
		Release|Any CPU = Release|Any CPU
	EndGlobalSection
	GlobalSection(ProjectConfigurationPlatforms) = postSolution
		{6CD79E0F-6AC8-46C5-A544-28B2A83929BC}.Debug|Any CPU.ActiveCfg = Debug|Any CPU
		{6CD79E0F-6AC8-46C5-A544-28B2A83929BC}.Debug|Any CPU.Build.0 = Debug|Any CPU
		{6CD79E0F-6AC8-46C5-A544-28B2A83929BC}.Release|Any CPU.ActiveCfg = Release|Any CPU
		{6CD79E0F-6AC8-46C5-A544-28B2A83929BC}.Release|Any CPU.Build.0 = Release|Any CPU
		{D7D26064-EB57-445C-A7AE-A4C4F8FE1800}.Debug|Any CPU.ActiveCfg = Debug|Any CPU
		{D7D26064-EB57-445C-A7AE-A4C4F8FE1800}.Debug|Any CPU.Build.0 = Debug|Any CPU
		{D7D26064-EB57-445C-A7AE-A4C4F8FE1800}.Release|Any CPU.ActiveCfg = Release|Any CPU
		{D7D26064-EB57-445C-A7AE-A4C4F8FE1800}.Release|Any CPU.Build.0 = Release|Any CPU
		{42D447DE-47DB-4FE6-A880-0AE1795C85A0}.Debug|Any CPU.ActiveCfg = Debug|Any CPU
		{42D447DE-47DB-4FE6-A880-0AE1795C85A0}.Debug|Any CPU.Build.0 = Debug|Any CPU
		{42D447DE-47DB-4FE6-A880-0AE1795C85A0}.Release|Any CPU.ActiveCfg = Release|Any CPU
		{42D447DE-47DB-4FE6-A880-0AE1795C85A0}.Release|Any CPU.Build.0 = Release|Any CPU
	EndGlobalSection
	GlobalSection(SolutionProperties) = preSolution
		HideSolutionNode = FALSE
	EndGlobalSection
EndGlobal
